
Microsoft Visual Studio Solution File, Format Version 12.00
# Visual Studio 14
VisualStudioVersion = 14.0.25420.1
MinimumVisualStudioVersion = 10.0.40219.1
Project("{FAE04EC0-301F-11D3-BF4B-00C04F79EFBC}") = "FlameVM", "FlameVM.csproj", "{7157948E-2988-40BF-8090-812F371A3816}"
EndProject
Project("{FAE04EC0-301F-11D3-BF4B-00C04F79EFBC}") = "builder", "builder\builder.csproj", "{9C2F8447-352B-4B9D-9ACB-1994EF1B0EB0}"
EndProject
Global
	GlobalSection(SolutionConfigurationPlatforms) = preSolution
		Debug|Any CPU = Debug|Any CPU
		Release|Any CPU = Release|Any CPU
	EndGlobalSection
	GlobalSection(ProjectConfigurationPlatforms) = postSolution
		{7157948E-2988-40BF-8090-812F371A3816}.Debug|Any CPU.ActiveCfg = Debug|Any CPU
		{7157948E-2988-40BF-8090-812F371A3816}.Debug|Any CPU.Build.0 = Debug|Any CPU
		{7157948E-2988-40BF-8090-812F371A3816}.Release|Any CPU.ActiveCfg = Release|Any CPU
		{7157948E-2988-40BF-8090-812F371A3816}.Release|Any CPU.Build.0 = Release|Any CPU
		{9C2F8447-352B-4B9D-9ACB-1994EF1B0EB0}.Debug|Any CPU.ActiveCfg = Debug|Any CPU
		{9C2F8447-352B-4B9D-9ACB-1994EF1B0EB0}.Debug|Any CPU.Build.0 = Debug|Any CPU
		{9C2F8447-352B-4B9D-9ACB-1994EF1B0EB0}.Release|Any CPU.ActiveCfg = Release|Any CPU
		{9C2F8447-352B-4B9D-9ACB-1994EF1B0EB0}.Release|Any CPU.Build.0 = Release|Any CPU
	EndGlobalSection
	GlobalSection(SolutionProperties) = preSolution
		HideSolutionNode = FALSE
	EndGlobalSection
EndGlobal
